
Microsoft Visual Studio Solution File, Format Version 12.00
# Visual Studio 2012
Project("{FAE04EC0-301F-11D3-BF4B-00C04F79EFBC}") = "Software_Project_Management_Project", "Software_Project_Management_Project\Software_Project_Management_Project.csproj", "{FEE451F9-D318-434E-92CD-66578DA92C0A}"
EndProject
Global
	GlobalSection(SolutionConfigurationPlatforms) = preSolution
		Debug|Any CPU = Debug|Any CPU
		Release|Any CPU = Release|Any CPU
	EndGlobalSection
	GlobalSection(ProjectConfigurationPlatforms) = postSolution
		{FEE451F9-D318-434E-92CD-66578DA92C0A}.Debug|Any CPU.ActiveCfg = Debug|Any CPU
		{FEE451F9-D318-434E-92CD-66578DA92C0A}.Debug|Any CPU.Build.0 = Debug|Any CPU
		{FEE451F9-D318-434E-92CD-66578DA92C0A}.Release|Any CPU.ActiveCfg = Release|Any CPU
		{FEE451F9-D318-434E-92CD-66578DA92C0A}.Release|Any CPU.Build.0 = Release|Any CPU
	EndGlobalSection
EndGlobal
